// !$*UTF8*$!
{
	archiveVersion = 1;
	classes = {
	};
	objectVersion = 51;
	objects = {

/* Begin PBXBuildFile section */
		62A3B1A625D6C2F30056989F /* ProjectsModel.swift in Sources */ = {isa = PBXBuildFile; fileRef = 62A3B1A525D6C2F30056989F /* ProjectsModel.swift */; };
		62A3B1AB25D6C3AF0056989F /* TableOfValues.swift in Sources */ = {isa = PBXBuildFile; fileRef = 62A3B1AA25D6C3AF0056989F /* TableOfValues.swift */; };
		62A3B1B125D6C50E0056989F /* HeatMapInteractor.swift in Sources */ = {isa = PBXBuildFile; fileRef = 62A3B1B025D6C50E0056989F /* HeatMapInteractor.swift */; };
		62A3B1B625D6C8880056989F /* Extensions.swift in Sources */ = {isa = PBXBuildFile; fileRef = 62A3B1B525D6C8880056989F /* Extensions.swift */; };
		62A3B1BA25D6C8FF0056989F /* HeatMapGridView.swift in Sources */ = {isa = PBXBuildFile; fileRef = 62A3B1B925D6C8FF0056989F /* HeatMapGridView.swift */; };
		62CE0E5125D4C938008061E5 /* SlabfitdavitortizApp.swift in Sources */ = {isa = PBXBuildFile; fileRef = 62CE0E5025D4C938008061E5 /* SlabfitdavitortizApp.swift */; };
		62CE0E5325D4C938008061E5 /* ContentView.swift in Sources */ = {isa = PBXBuildFile; fileRef = 62CE0E5225D4C938008061E5 /* ContentView.swift */; };
		62CE0E5525D4C93C008061E5 /* Assets.xcassets in Resources */ = {isa = PBXBuildFile; fileRef = 62CE0E5425D4C93C008061E5 /* Assets.xcassets */; };
		62CE0E5825D4C93C008061E5 /* Preview Assets.xcassets in Resources */ = {isa = PBXBuildFile; fileRef = 62CE0E5725D4C93C008061E5 /* Preview Assets.xcassets */; };
		62CE0E6525D57B9D008061E5 /* GoogleService-Info.plist in Resources */ = {isa = PBXBuildFile; fileRef = 62CE0E6425D57B9D008061E5 /* GoogleService-Info.plist */; };
		88BF22DA9F9F97B558B5C60A /* Pods_slab_fit_davit_ortiz.framework in Frameworks */ = {isa = PBXBuildFile; fileRef = 2952003174B1EFAF013D29A4 /* Pods_slab_fit_davit_ortiz.framework */; };
/* End PBXBuildFile section */

/* Begin PBXFileReference section */
		2952003174B1EFAF013D29A4 /* Pods_slab_fit_davit_ortiz.framework */ = {isa = PBXFileReference; explicitFileType = wrapper.framework; includeInIndex = 0; path = Pods_slab_fit_davit_ortiz.framework; sourceTree = BUILT_PRODUCTS_DIR; };
		46AFEB47FAE79CE285052D1A /* Pods-slab-fit-davit-ortiz.debug.xcconfig */ = {isa = PBXFileReference; includeInIndex = 1; lastKnownFileType = text.xcconfig; name = "Pods-slab-fit-davit-ortiz.debug.xcconfig"; path = "Target Support Files/Pods-slab-fit-davit-ortiz/Pods-slab-fit-davit-ortiz.debug.xcconfig"; sourceTree = "<group>"; };
		62A3B1A525D6C2F30056989F /* ProjectsModel.swift */ = {isa = PBXFileReference; lastKnownFileType = sourcecode.swift; path = ProjectsModel.swift; sourceTree = "<group>"; };
		62A3B1AA25D6C3AF0056989F /* TableOfValues.swift */ = {isa = PBXFileReference; lastKnownFileType = sourcecode.swift; path = TableOfValues.swift; sourceTree = "<group>"; };
		62A3B1B025D6C50E0056989F /* HeatMapInteractor.swift */ = {isa = PBXFileReference; lastKnownFileType = sourcecode.swift; path = HeatMapInteractor.swift; sourceTree = "<group>"; };
		62A3B1B525D6C8880056989F /* Extensions.swift */ = {isa = PBXFileReference; lastKnownFileType = sourcecode.swift; path = Extensions.swift; sourceTree = "<group>"; };
		62A3B1B925D6C8FF0056989F /* HeatMapGridView.swift */ = {isa = PBXFileReference; lastKnownFileType = sourcecode.swift; path = HeatMapGridView.swift; sourceTree = "<group>"; };
		62CE0E4D25D4C938008061E5 /* slab-fit-davit-ortiz.app */ = {isa = PBXFileReference; explicitFileType = wrapper.application; includeInIndex = 0; path = "slab-fit-davit-ortiz.app"; sourceTree = BUILT_PRODUCTS_DIR; };
		62CE0E5025D4C938008061E5 /* SlabfitdavitortizApp.swift */ = {isa = PBXFileReference; lastKnownFileType = sourcecode.swift; path = SlabfitdavitortizApp.swift; sourceTree = "<group>"; };
		62CE0E5225D4C938008061E5 /* ContentView.swift */ = {isa = PBXFileReference; lastKnownFileType = sourcecode.swift; path = ContentView.swift; sourceTree = "<group>"; };
		62CE0E5425D4C93C008061E5 /* Assets.xcassets */ = {isa = PBXFileReference; lastKnownFileType = folder.assetcatalog; path = Assets.xcassets; sourceTree = "<group>"; };
		62CE0E5725D4C93C008061E5 /* Preview Assets.xcassets */ = {isa = PBXFileReference; lastKnownFileType = folder.assetcatalog; path = "Preview Assets.xcassets"; sourceTree = "<group>"; };
		62CE0E5925D4C93C008061E5 /* Info.plist */ = {isa = PBXFileReference; lastKnownFileType = text.plist.xml; path = Info.plist; sourceTree = "<group>"; };
		62CE0E6425D57B9D008061E5 /* GoogleService-Info.plist */ = {isa = PBXFileReference; fileEncoding = 4; lastKnownFileType = text.plist.xml; path = "GoogleService-Info.plist"; sourceTree = "<group>"; };
		C3C0013173CC65EEAC906003 /* Pods-slab-fit-davit-ortiz.release.xcconfig */ = {isa = PBXFileReference; includeInIndex = 1; lastKnownFileType = text.xcconfig; name = "Pods-slab-fit-davit-ortiz.release.xcconfig"; path = "Target Support Files/Pods-slab-fit-davit-ortiz/Pods-slab-fit-davit-ortiz.release.xcconfig"; sourceTree = "<group>"; };
/* End PBXFileReference section */

/* Begin PBXFrameworksBuildPhase section */
		62CE0E4A25D4C938008061E5 /* Frameworks */ = {
			isa = PBXFrameworksBuildPhase;
			buildActionMask = 2147483647;
			files = (
				88BF22DA9F9F97B558B5C60A /* Pods_slab_fit_davit_ortiz.framework in Frameworks */,
			);
			runOnlyForDeploymentPostprocessing = 0;
		};
/* End PBXFrameworksBuildPhase section */

/* Begin PBXGroup section */
		3563E5AA59C074541F154923 /* Pods */ = {
			isa = PBXGroup;
			children = (
				46AFEB47FAE79CE285052D1A /* Pods-slab-fit-davit-ortiz.debug.xcconfig */,
				C3C0013173CC65EEAC906003 /* Pods-slab-fit-davit-ortiz.release.xcconfig */,
			);
			path = Pods;
			sourceTree = "<group>";
		};
		5733D773ED55008794B9E328 /* Frameworks */ = {
			isa = PBXGroup;
			children = (
				2952003174B1EFAF013D29A4 /* Pods_slab_fit_davit_ortiz.framework */,
			);
			name = Frameworks;
			sourceTree = "<group>";
		};
		62A3B1A425D6C2C90056989F /* Model */ = {
			isa = PBXGroup;
			children = (
				62A3B1A525D6C2F30056989F /* ProjectsModel.swift */,
			);
			path = Model;
			sourceTree = "<group>";
		};
		62A3B1A925D6C3710056989F /* HeatMap */ = {
			isa = PBXGroup;
			children = (
				62A3B1AA25D6C3AF0056989F /* TableOfValues.swift */,
				62A3B1B925D6C8FF0056989F /* HeatMapGridView.swift */,
			);
			path = HeatMap;
			sourceTree = "<group>";
		};
		62A3B1AF25D6C4A80056989F /* Interactor */ = {
			isa = PBXGroup;
			children = (
				62A3B1B025D6C50E0056989F /* HeatMapInteractor.swift */,
			);
			path = Interactor;
			sourceTree = "<group>";
		};
		62A3B1B425D6C8640056989F /* Extensions */ = {
			isa = PBXGroup;
			children = (
				62A3B1B525D6C8880056989F /* Extensions.swift */,
			);
			path = Extensions;
			sourceTree = "<group>";
		};
		62CE0E4425D4C938008061E5 = {
			isa = PBXGroup;
			children = (
				62CE0E4F25D4C938008061E5 /* slab-fit-davit-ortiz */,
				62CE0E4E25D4C938008061E5 /* Products */,
				3563E5AA59C074541F154923 /* Pods */,
				5733D773ED55008794B9E328 /* Frameworks */,
			);
			sourceTree = "<group>";
		};
		62CE0E4E25D4C938008061E5 /* Products */ = {
			isa = PBXGroup;
			children = (
				62CE0E4D25D4C938008061E5 /* slab-fit-davit-ortiz.app */,
			);
			name = Products;
			sourceTree = "<group>";
		};
		62CE0E4F25D4C938008061E5 /* slab-fit-davit-ortiz */ = {
			isa = PBXGroup;
			children = (
				62A3B1B425D6C8640056989F /* Extensions */,
				62A3B1AF25D6C4A80056989F /* Interactor */,
				62A3B1A925D6C3710056989F /* HeatMap */,
				62A3B1A425D6C2C90056989F /* Model */,
				62CE0E6425D57B9D008061E5 /* GoogleService-Info.plist */,
				62CE0E5025D4C938008061E5 /* SlabfitdavitortizApp.swift */,
				62CE0E5225D4C938008061E5 /* ContentView.swift */,
				62CE0E5425D4C93C008061E5 /* Assets.xcassets */,
				62CE0E5925D4C93C008061E5 /* Info.plist */,
				62CE0E5625D4C93C008061E5 /* Preview Content */,
			);
			path = "slab-fit-davit-ortiz";
			sourceTree = "<group>";
		};
		62CE0E5625D4C93C008061E5 /* Preview Content */ = {
			isa = PBXGroup;
			children = (
				62CE0E5725D4C93C008061E5 /* Preview Assets.xcassets */,
			);
			path = "Preview Content";
			sourceTree = "<group>";
		};
/* End PBXGroup section */

/* Begin PBXNativeTarget section */
		62CE0E4C25D4C938008061E5 /* slab-fit-davit-ortiz */ = {
			isa = PBXNativeTarget;
			buildConfigurationList = 62CE0E5C25D4C93C008061E5 /* Build configuration list for PBXNativeTarget "slab-fit-davit-ortiz" */;
			buildPhases = (
				CEED84A849382939B070F059 /* [CP] Check Pods Manifest.lock */,
				62CE0E4925D4C938008061E5 /* Sources */,
				62CE0E4A25D4C938008061E5 /* Frameworks */,
				62CE0E4B25D4C938008061E5 /* Resources */,
				62CE0E6025D5771B008061E5 /* ShellScript */,
				F2E2A0F3139A45E6F5BD6CA4 /* [CP] Embed Pods Frameworks */,
			);
			buildRules = (
			);
			dependencies = (
			);
			name = "slab-fit-davit-ortiz";
			productName = "slab-fit-davit-ortiz";
			productReference = 62CE0E4D25D4C938008061E5 /* slab-fit-davit-ortiz.app */;
			productType = "com.apple.product-type.application";
		};
/* End PBXNativeTarget section */

/* Begin PBXProject section */
		62CE0E4525D4C938008061E5 /* Project object */ = {
			isa = PBXProject;
			attributes = {
				LastSwiftUpdateCheck = 1230;
				LastUpgradeCheck = 1230;
				TargetAttributes = {
					62CE0E4C25D4C938008061E5 = {
						CreatedOnToolsVersion = 12.3;
					};
				};
			};
			buildConfigurationList = 62CE0E4825D4C938008061E5 /* Build configuration list for PBXProject "slab-fit-davit-ortiz" */;
			compatibilityVersion = "Xcode 9.3";
			developmentRegion = en;
			hasScannedForEncodings = 0;
			knownRegions = (
				en,
				Base,
			);
			mainGroup = 62CE0E4425D4C938008061E5;
			productRefGroup = 62CE0E4E25D4C938008061E5 /* Products */;
			projectDirPath = "";
			projectRoot = "";
			targets = (
				62CE0E4C25D4C938008061E5 /* slab-fit-davit-ortiz */,
			);
		};
/* End PBXProject section */

/* Begin PBXResourcesBuildPhase section */
		62CE0E4B25D4C938008061E5 /* Resources */ = {
			isa = PBXResourcesBuildPhase;
			buildActionMask = 2147483647;
			files = (
				62CE0E5825D4C93C008061E5 /* Preview Assets.xcassets in Resources */,
				62CE0E6525D57B9D008061E5 /* GoogleService-Info.plist in Resources */,
				62CE0E5525D4C93C008061E5 /* Assets.xcassets in Resources */,
			);
			runOnlyForDeploymentPostprocessing = 0;
		};
/* End PBXResourcesBuildPhase section */

/* Begin PBXShellScriptBuildPhase section */
		62CE0E6025D5771B008061E5 /* ShellScript */ = {
			isa = PBXShellScriptBuildPhase;
			buildActionMask = 2147483647;
			files = (
			);
			inputFileListPaths = (
			);
			inputPaths = (
			);
			outputFileListPaths = (
			);
			outputPaths = (
			);
			runOnlyForDeploymentPostprocessing = 0;
			shellPath = /bin/sh;
			shellScript = "if which swiftlint >/dev/null; then\n  swiftlint\nelse\n  echo \"warning: SwiftLint not installed, download from https://github.com/realm/SwiftLint\"\nfi\n";
		};
		CEED84A849382939B070F059 /* [CP] Check Pods Manifest.lock */ = {
			isa = PBXShellScriptBuildPhase;
			buildActionMask = 2147483647;
			files = (
			);
			inputFileListPaths = (
			);
			inputPaths = (
				"${PODS_PODFILE_DIR_PATH}/Podfile.lock",
				"${PODS_ROOT}/Manifest.lock",
			);
			name = "[CP] Check Pods Manifest.lock";
			outputFileListPaths = (
			);
			outputPaths = (
				"$(DERIVED_FILE_DIR)/Pods-slab-fit-davit-ortiz-checkManifestLockResult.txt",
			);
			runOnlyForDeploymentPostprocessing = 0;
			shellPath = /bin/sh;
			shellScript = "diff \"${PODS_PODFILE_DIR_PATH}/Podfile.lock\" \"${PODS_ROOT}/Manifest.lock\" > /dev/null\nif [ $? != 0 ] ; then\n    # print error to STDERR\n    echo \"error: The sandbox is not in sync with the Podfile.lock. Run 'pod install' or update your CocoaPods installation.\" >&2\n    exit 1\nfi\n# This output is used by Xcode 'outputs' to avoid re-running this script phase.\necho \"SUCCESS\" > \"${SCRIPT_OUTPUT_FILE_0}\"\n";
			showEnvVarsInLog = 0;
		};
		F2E2A0F3139A45E6F5BD6CA4 /* [CP] Embed Pods Frameworks */ = {
			isa = PBXShellScriptBuildPhase;
			buildActionMask = 2147483647;
			files = (
			);
			inputFileListPaths = (
				"${PODS_ROOT}/Target Support Files/Pods-slab-fit-davit-ortiz/Pods-slab-fit-davit-ortiz-frameworks-${CONFIGURATION}-input-files.xcfilelist",
			);
			name = "[CP] Embed Pods Frameworks";
			outputFileListPaths = (
				"${PODS_ROOT}/Target Support Files/Pods-slab-fit-davit-ortiz/Pods-slab-fit-davit-ortiz-frameworks-${CONFIGURATION}-output-files.xcfilelist",
			);
			runOnlyForDeploymentPostprocessing = 0;
			shellPath = /bin/sh;
			shellScript = "\"${PODS_ROOT}/Target Support Files/Pods-slab-fit-davit-ortiz/Pods-slab-fit-davit-ortiz-frameworks.sh\"\n";
			showEnvVarsInLog = 0;
		};
/* End PBXShellScriptBuildPhase section */

/* Begin PBXSourcesBuildPhase section */
		62CE0E4925D4C938008061E5 /* Sources */ = {
			isa = PBXSourcesBuildPhase;
			buildActionMask = 2147483647;
			files = (
				62CE0E5325D4C938008061E5 /* ContentView.swift in Sources */,
				62A3B1BA25D6C8FF0056989F /* HeatMapGridView.swift in Sources */,
				62A3B1B625D6C8880056989F /* Extensions.swift in Sources */,
				62CE0E5125D4C938008061E5 /* SlabfitdavitortizApp.swift in Sources */,
				62A3B1B125D6C50E0056989F /* HeatMapInteractor.swift in Sources */,
				62A3B1A625D6C2F30056989F /* ProjectsModel.swift in Sources */,
				62A3B1AB25D6C3AF0056989F /* TableOfValues.swift in Sources */,
			);
			runOnlyForDeploymentPostprocessing = 0;
		};
/* End PBXSourcesBuildPhase section */

/* Begin XCBuildConfiguration section */
		62CE0E5A25D4C93C008061E5 /* Debug */ = {
			isa = XCBuildConfiguration;
			buildSettings = {
				ALWAYS_SEARCH_USER_PATHS = NO;
				CLANG_ANALYZER_NONNULL = YES;
				CLANG_ANALYZER_NUMBER_OBJECT_CONVERSION = YES_AGGRESSIVE;
				CLANG_CXX_LANGUAGE_STANDARD = "gnu++14";
				CLANG_CXX_LIBRARY = "libc++";
				CLANG_ENABLE_MODULES = YES;
				CLANG_ENABLE_OBJC_ARC = YES;
				CLANG_ENABLE_OBJC_WEAK = YES;
				CLANG_WARN_BLOCK_CAPTURE_AUTORELEASING = YES;
				CLANG_WARN_BOOL_CONVERSION = YES;
				CLANG_WARN_COMMA = YES;
				CLANG_WARN_CONSTANT_CONVERSION = YES;
				CLANG_WARN_DEPRECATED_OBJC_IMPLEMENTATIONS = YES;
				CLANG_WARN_DIRECT_OBJC_ISA_USAGE = YES_ERROR;
				CLANG_WARN_DOCUMENTATION_COMMENTS = YES;
				CLANG_WARN_EMPTY_BODY = YES;
				CLANG_WARN_ENUM_CONVERSION = YES;
				CLANG_WARN_INFINITE_RECURSION = YES;
				CLANG_WARN_INT_CONVERSION = YES;
				CLANG_WARN_NON_LITERAL_NULL_CONVERSION = YES;
				CLANG_WARN_OBJC_IMPLICIT_RETAIN_SELF = YES;
				CLANG_WARN_OBJC_LITERAL_CONVERSION = YES;
				CLANG_WARN_OBJC_ROOT_CLASS = YES_ERROR;
				CLANG_WARN_QUOTED_INCLUDE_IN_FRAMEWORK_HEADER = YES;
				CLANG_WARN_RANGE_LOOP_ANALYSIS = YES;
				CLANG_WARN_STRICT_PROTOTYPES = YES;
				CLANG_WARN_SUSPICIOUS_MOVE = YES;
				CLANG_WARN_UNGUARDED_AVAILABILITY = YES_AGGRESSIVE;
				CLANG_WARN_UNREACHABLE_CODE = YES;
				CLANG_WARN__DUPLICATE_METHOD_MATCH = YES;
				COPY_PHASE_STRIP = NO;
				DEBUG_INFORMATION_FORMAT = dwarf;
				ENABLE_STRICT_OBJC_MSGSEND = YES;
				ENABLE_TESTABILITY = YES;
				GCC_C_LANGUAGE_STANDARD = gnu11;
				GCC_DYNAMIC_NO_PIC = NO;
				GCC_NO_COMMON_BLOCKS = YES;
				GCC_OPTIMIZATION_LEVEL = 0;
				GCC_PREPROCESSOR_DEFINITIONS = (
					"DEBUG=1",
					"$(inherited)",
				);
				GCC_WARN_64_TO_32_BIT_CONVERSION = YES;
				GCC_WARN_ABOUT_RETURN_TYPE = YES_ERROR;
				GCC_WARN_UNDECLARED_SELECTOR = YES;
				GCC_WARN_UNINITIALIZED_AUTOS = YES_AGGRESSIVE;
				GCC_WARN_UNUSED_FUNCTION = YES;
				GCC_WARN_UNUSED_VARIABLE = YES;
				IPHONEOS_DEPLOYMENT_TARGET = 14.3;
				MTL_ENABLE_DEBUG_INFO = INCLUDE_SOURCE;
				MTL_FAST_MATH = YES;
				ONLY_ACTIVE_ARCH = YES;
				SDKROOT = iphoneos;
				SWIFT_ACTIVE_COMPILATION_CONDITIONS = DEBUG;
				SWIFT_OPTIMIZATION_LEVEL = "-Onone";
			};
			name = Debug;
		};
		62CE0E5B25D4C93C008061E5 /* Release */ = {
			isa = XCBuildConfiguration;
			buildSettings = {
				ALWAYS_SEARCH_USER_PATHS = NO;
				CLANG_ANALYZER_NONNULL = YES;
				CLANG_ANALYZER_NUMBER_OBJECT_CONVERSION = YES_AGGRESSIVE;
				CLANG_CXX_LANGUAGE_STANDARD = "gnu++14";
				CLANG_CXX_LIBRARY = "libc++";
				CLANG_ENABLE_MODULES = YES;
				CLANG_ENABLE_OBJC_ARC = YES;
				CLANG_ENABLE_OBJC_WEAK = YES;
				CLANG_WARN_BLOCK_CAPTURE_AUTORELEASING = YES;
				CLANG_WARN_BOOL_CONVERSION = YES;
				CLANG_WARN_COMMA = YES;
				CLANG_WARN_CONSTANT_CONVERSION = YES;
				CLANG_WARN_DEPRECATED_OBJC_IMPLEMENTATIONS = YES;
				CLANG_WARN_DIRECT_OBJC_ISA_USAGE = YES_ERROR;
				CLANG_WARN_DOCUMENTATION_COMMENTS = YES;
				CLANG_WARN_EMPTY_BODY = YES;
				CLANG_WARN_ENUM_CONVERSION = YES;
				CLANG_WARN_INFINITE_RECURSION = YES;
				CLANG_WARN_INT_CONVERSION = YES;
				CLANG_WARN_NON_LITERAL_NULL_CONVERSION = YES;
				CLANG_WARN_OBJC_IMPLICIT_RETAIN_SELF = YES;
				CLANG_WARN_OBJC_LITERAL_CONVERSION = YES;
				CLANG_WARN_OBJC_ROOT_CLASS = YES_ERROR;
				CLANG_WARN_QUOTED_INCLUDE_IN_FRAMEWORK_HEADER = YES;
				CLANG_WARN_RANGE_LOOP_ANALYSIS = YES;
				CLANG_WARN_STRICT_PROTOTYPES = YES;
				CLANG_WARN_SUSPICIOUS_MOVE = YES;
				CLANG_WARN_UNGUARDED_AVAILABILITY = YES_AGGRESSIVE;
				CLANG_WARN_UNREACHABLE_CODE = YES;
				CLANG_WARN__DUPLICATE_METHOD_MATCH = YES;
				COPY_PHASE_STRIP = NO;
				DEBUG_INFORMATION_FORMAT = "dwarf-with-dsym";
				ENABLE_NS_ASSERTIONS = NO;
				ENABLE_STRICT_OBJC_MSGSEND = YES;
				GCC_C_LANGUAGE_STANDARD = gnu11;
				GCC_NO_COMMON_BLOCKS = YES;
				GCC_WARN_64_TO_32_BIT_CONVERSION = YES;
				GCC_WARN_ABOUT_RETURN_TYPE = YES_ERROR;
				GCC_WARN_UNDECLARED_SELECTOR = YES;
				GCC_WARN_UNINITIALIZED_AUTOS = YES_AGGRESSIVE;
				GCC_WARN_UNUSED_FUNCTION = YES;
				GCC_WARN_UNUSED_VARIABLE = YES;
				IPHONEOS_DEPLOYMENT_TARGET = 14.3;
				MTL_ENABLE_DEBUG_INFO = NO;
				MTL_FAST_MATH = YES;
				SDKROOT = iphoneos;
				SWIFT_COMPILATION_MODE = wholemodule;
				SWIFT_OPTIMIZATION_LEVEL = "-O";
				VALIDATE_PRODUCT = YES;
			};
			name = Release;
		};
		62CE0E5D25D4C93C008061E5 /* Debug */ = {
			isa = XCBuildConfiguration;
			baseConfigurationReference = 46AFEB47FAE79CE285052D1A /* Pods-slab-fit-davit-ortiz.debug.xcconfig */;
			buildSettings = {
				ASSETCATALOG_COMPILER_APPICON_NAME = AppIcon;
				ASSETCATALOG_COMPILER_GLOBAL_ACCENT_COLOR_NAME = AccentColor;
				CODE_SIGN_STYLE = Automatic;
				DEVELOPMENT_ASSET_PATHS = "\"slab-fit-davit-ortiz/Preview Content\"";
				DEVELOPMENT_TEAM = 8MJ7ZUN23F;
				ENABLE_PREVIEWS = YES;
				INFOPLIST_FILE = "slab-fit-davit-ortiz/Info.plist";
				IPHONEOS_DEPLOYMENT_TARGET = 14.0;
				LD_RUNPATH_SEARCH_PATHS = (
					"$(inherited)",
					"@executable_path/Frameworks",
				);
				PRODUCT_BUNDLE_IDENTIFIER = "com.davit-ortiz.slab-fit-davit-ortiz";
				PRODUCT_NAME = "$(TARGET_NAME)";
				SWIFT_VERSION = 5.0;
				TARGETED_DEVICE_FAMILY = "1,2";
			};
			name = Debug;
		};
		62CE0E5E25D4C93C008061E5 /* Release */ = {
			isa = XCBuildConfiguration;
			baseConfigurationReference = C3C0013173CC65EEAC906003 /* Pods-slab-fit-davit-ortiz.release.xcconfig */;
			buildSettings = {
				ASSETCATALOG_COMPILER_APPICON_NAME = AppIcon;
				ASSETCATALOG_COMPILER_GLOBAL_ACCENT_COLOR_NAME = AccentColor;
				CODE_SIGN_STYLE = Automatic;
				DEVELOPMENT_ASSET_PATHS = "\"slab-fit-davit-ortiz/Preview Content\"";
				DEVELOPMENT_TEAM = 8MJ7ZUN23F;
				ENABLE_PREVIEWS = YES;
				INFOPLIST_FILE = "slab-fit-davit-ortiz/Info.plist";
				IPHONEOS_DEPLOYMENT_TARGET = 14.0;
				LD_RUNPATH_SEARCH_PATHS = (
					"$(inherited)",
					"@executable_path/Frameworks",
				);
				PRODUCT_BUNDLE_IDENTIFIER = "com.davit-ortiz.slab-fit-davit-ortiz";
				PRODUCT_NAME = "$(TARGET_NAME)";
				SWIFT_VERSION = 5.0;
				TARGETED_DEVICE_FAMILY = "1,2";
			};
			name = Release;
		};
/* End XCBuildConfiguration section */

/* Begin XCConfigurationList section */
		62CE0E4825D4C938008061E5 /* Build configuration list for PBXProject "slab-fit-davit-ortiz" */ = {
			isa = XCConfigurationList;
			buildConfigurations = (
				62CE0E5A25D4C93C008061E5 /* Debug */,
				62CE0E5B25D4C93C008061E5 /* Release */,
			);
			defaultConfigurationIsVisible = 0;
			defaultConfigurationName = Release;
		};
		62CE0E5C25D4C93C008061E5 /* Build configuration list for PBXNativeTarget "slab-fit-davit-ortiz" */ = {
			isa = XCConfigurationList;
			buildConfigurations = (
				62CE0E5D25D4C93C008061E5 /* Debug */,
				62CE0E5E25D4C93C008061E5 /* Release */,
			);
			defaultConfigurationIsVisible = 0;
			defaultConfigurationName = Release;
		};
/* End XCConfigurationList section */
	};
	rootObject = 62CE0E4525D4C938008061E5 /* Project object */;
}
